
Microsoft Visual Studio Solution File, Format Version 12.00
# Visual Studio 15
VisualStudioVersion = 15.0.28010.2016
MinimumVisualStudioVersion = 10.0.40219.1
Project("{FAE04EC0-301F-11D3-BF4B-00C04F79EFBC}") = "226LikeIt", "226LikeIt\226LikeIt.csproj", "{DE87C4DD-D6E6-43DF-B491-A1D49085C079}"
EndProject
Global
	GlobalSection(SolutionConfigurationPlatforms) = preSolution
		Debug|Any CPU = Debug|Any CPU
		Release|Any CPU = Release|Any CPU
	EndGlobalSection
	GlobalSection(ProjectConfigurationPlatforms) = postSolution
		{DE87C4DD-D6E6-43DF-B491-A1D49085C079}.Debug|Any CPU.ActiveCfg = Debug|Any CPU
		{DE87C4DD-D6E6-43DF-B491-A1D49085C079}.Debug|Any CPU.Build.0 = Debug|Any CPU
		{DE87C4DD-D6E6-43DF-B491-A1D49085C079}.Release|Any CPU.ActiveCfg = Release|Any CPU
		{DE87C4DD-D6E6-43DF-B491-A1D49085C079}.Release|Any CPU.Build.0 = Release|Any CPU
	EndGlobalSection
	GlobalSection(SolutionProperties) = preSolution
		HideSolutionNode = FALSE
	EndGlobalSection
	GlobalSection(ExtensibilityGlobals) = postSolution
		SolutionGuid = {2EA36A78-11D3-493A-9B5D-208AD0119AE3}
	EndGlobalSection
EndGlobal
